
Microsoft Visual Studio Solution File, Format Version 12.00
# Visual Studio Version 16
VisualStudioVersion = 16.0.30907.101
MinimumVisualStudioVersion = 10.0.40219.1
Project("{FAE04EC0-301F-11D3-BF4B-00C04F79EFBC}") = "SHOP_DECOMPILED", "SHOP_DECOMPILED.csproj", "{3C7F5168-6E0F-480F-A11C-6AD75EAAABEC}"
EndProject
Global
	GlobalSection(SolutionConfigurationPlatforms) = preSolution
		Debug|Any CPU = Debug|Any CPU
		Release|Any CPU = Release|Any CPU
	EndGlobalSection
	GlobalSection(ProjectConfigurationPlatforms) = postSolution
		{3C7F5168-6E0F-480F-A11C-6AD75EAAABEC}.Debug|Any CPU.ActiveCfg = Debug|Any CPU
		{3C7F5168-6E0F-480F-A11C-6AD75EAAABEC}.Debug|Any CPU.Build.0 = Debug|Any CPU
		{3C7F5168-6E0F-480F-A11C-6AD75EAAABEC}.Release|Any CPU.ActiveCfg = Release|Any CPU
		{3C7F5168-6E0F-480F-A11C-6AD75EAAABEC}.Release|Any CPU.Build.0 = Release|Any CPU
	EndGlobalSection
	GlobalSection(SolutionProperties) = preSolution
		HideSolutionNode = FALSE
	EndGlobalSection
	GlobalSection(ExtensibilityGlobals) = postSolution
		SolutionGuid = {66BCF93D-7B6C-4FAB-B679-7CB17C9A3B0A}
	EndGlobalSection
EndGlobal
